
Microsoft Visual Studio Solution File, Format Version 12.00
# Visual Studio 15
VisualStudioVersion = 15.0.28307.1145
MinimumVisualStudioVersion = 10.0.40219.1
Project("{FAE04EC0-301F-11D3-BF4B-00C04F79EFBC}") = "OdeToFood", "OdeToFood\OdeToFood.csproj", "{A5CA3F81-6A94-4D74-B816-71D09F9E1A07}"
EndProject
Global
	GlobalSection(SolutionConfigurationPlatforms) = preSolution
		Debug|Any CPU = Debug|Any CPU
		Release|Any CPU = Release|Any CPU
	EndGlobalSection
	GlobalSection(ProjectConfigurationPlatforms) = postSolution
		{A5CA3F81-6A94-4D74-B816-71D09F9E1A07}.Debug|Any CPU.ActiveCfg = Debug|Any CPU
		{A5CA3F81-6A94-4D74-B816-71D09F9E1A07}.Debug|Any CPU.Build.0 = Debug|Any CPU
		{A5CA3F81-6A94-4D74-B816-71D09F9E1A07}.Release|Any CPU.ActiveCfg = Release|Any CPU
		{A5CA3F81-6A94-4D74-B816-71D09F9E1A07}.Release|Any CPU.Build.0 = Release|Any CPU
	EndGlobalSection
	GlobalSection(SolutionProperties) = preSolution
		HideSolutionNode = FALSE
	EndGlobalSection
	GlobalSection(ExtensibilityGlobals) = postSolution
		SolutionGuid = {EFE71AA2-F590-4652-A544-771668D89882}
	EndGlobalSection
EndGlobal
